
Microsoft Visual Studio Solution File, Format Version 12.00
# Visual Studio Version 17
VisualStudioVersion = 17.3.32929.385
MinimumVisualStudioVersion = 10.0.40219.1
Project("{9A19103F-16F7-4668-BE54-9A1E7A4F7556}") = "CalculateArea", "CalculateArea\CalculateArea.csproj", "{A1B5F813-2A78-4375-AE26-ADB89BE35AF2}"
EndProject
Project("{FAE04EC0-301F-11D3-BF4B-00C04F79EFBC}") = "AreaUnitTest", "AreaUnitTest\AreaUnitTest.csproj", "{392D09F4-A8CC-4CD1-8D14-BCA37F88E344}"
EndProject
Global
	GlobalSection(SolutionConfigurationPlatforms) = preSolution
		Debug|Any CPU = Debug|Any CPU
		Release|Any CPU = Release|Any CPU
	EndGlobalSection
	GlobalSection(ProjectConfigurationPlatforms) = postSolution
		{A1B5F813-2A78-4375-AE26-ADB89BE35AF2}.Debug|Any CPU.ActiveCfg = Debug|Any CPU
		{A1B5F813-2A78-4375-AE26-ADB89BE35AF2}.Debug|Any CPU.Build.0 = Debug|Any CPU
		{A1B5F813-2A78-4375-AE26-ADB89BE35AF2}.Release|Any CPU.ActiveCfg = Release|Any CPU
		{A1B5F813-2A78-4375-AE26-ADB89BE35AF2}.Release|Any CPU.Build.0 = Release|Any CPU
		{392D09F4-A8CC-4CD1-8D14-BCA37F88E344}.Debug|Any CPU.ActiveCfg = Debug|Any CPU
		{392D09F4-A8CC-4CD1-8D14-BCA37F88E344}.Debug|Any CPU.Build.0 = Debug|Any CPU
		{392D09F4-A8CC-4CD1-8D14-BCA37F88E344}.Release|Any CPU.ActiveCfg = Release|Any CPU
		{392D09F4-A8CC-4CD1-8D14-BCA37F88E344}.Release|Any CPU.Build.0 = Release|Any CPU
	EndGlobalSection
	GlobalSection(SolutionProperties) = preSolution
		HideSolutionNode = FALSE
	EndGlobalSection
	GlobalSection(ExtensibilityGlobals) = postSolution
		SolutionGuid = {9E3EA8B4-FD7E-4AB6-AB04-D6061A1D7EA3}
	EndGlobalSection
EndGlobal
